
Microsoft Visual Studio Solution File, Format Version 12.00
# Visual Studio Version 17
VisualStudioVersion = 17.2.32526.322
MinimumVisualStudioVersion = 10.0.40219.1
Project("{FAE04EC0-301F-11D3-BF4B-00C04F79EFBC}") = "Sample_Circular_Queues", "Sample_Circular_Queues\Sample_Circular_Queues.csproj", "{85D78726-24D8-4FF8-86EC-A11F63BA223A}"
EndProject
Global
	GlobalSection(SolutionConfigurationPlatforms) = preSolution
		Debug|Any CPU = Debug|Any CPU
		Release|Any CPU = Release|Any CPU
	EndGlobalSection
	GlobalSection(ProjectConfigurationPlatforms) = postSolution
		{85D78726-24D8-4FF8-86EC-A11F63BA223A}.Debug|Any CPU.ActiveCfg = Debug|Any CPU
		{85D78726-24D8-4FF8-86EC-A11F63BA223A}.Debug|Any CPU.Build.0 = Debug|Any CPU
		{85D78726-24D8-4FF8-86EC-A11F63BA223A}.Release|Any CPU.ActiveCfg = Release|Any CPU
		{85D78726-24D8-4FF8-86EC-A11F63BA223A}.Release|Any CPU.Build.0 = Release|Any CPU
	EndGlobalSection
	GlobalSection(SolutionProperties) = preSolution
		HideSolutionNode = FALSE
	EndGlobalSection
	GlobalSection(ExtensibilityGlobals) = postSolution
		SolutionGuid = {5E9E303D-866D-4ECD-9AC7-2061D5722745}
	EndGlobalSection
EndGlobal
